
Microsoft Visual Studio Solution File, Format Version 12.00
# Visual Studio Version 17
VisualStudioVersion = 17.0.31521.260
MinimumVisualStudioVersion = 10.0.40219.1
Project("{FAE04EC0-301F-11D3-BF4B-00C04F79EFBC}") = "CSharp.Functional", "CSharp.Functional\CSharp.Functional.csproj", "{E321F3BC-FFFA-4985-83D1-F382B9D238EF}"
EndProject
Project("{9A19103F-16F7-4668-BE54-9A1E7A4F7556}") = "CSharp.Functional.Test", "CSharp.Functional.Test\CSharp.Functional.Test.csproj", "{8E3C38F2-E3C7-47FC-9371-6BB0A039E67B}"
EndProject
Project("{9A19103F-16F7-4668-BE54-9A1E7A4F7556}") = "BOC", "BOC\BOC.csproj", "{C5208CB1-3298-441C-B5B8-76ADB33FC336}"
EndProject
Project("{9A19103F-16F7-4668-BE54-9A1E7A4F7556}") = "Chapter09", "Chapter09\Chapter09.csproj", "{6105EFCC-1580-42BF-999E-3B82B9044E0D}"
EndProject
Project("{9A19103F-16F7-4668-BE54-9A1E7A4F7556}") = "BOC.Core", "BOCEventSourcing\BOC.Core.csproj", "{81206A98-7175-4288-BDB8-F9C7CF7079EE}"
EndProject
Project("{9A19103F-16F7-4668-BE54-9A1E7A4F7556}") = "Chapter11", "Chapter11\Chapter11.csproj", "{AAC56D2C-3F4D-46B5-9DF2-5237E482BA0A}"
EndProject
Global
	GlobalSection(SolutionConfigurationPlatforms) = preSolution
		Debug|Any CPU = Debug|Any CPU
		Release|Any CPU = Release|Any CPU
	EndGlobalSection
	GlobalSection(ProjectConfigurationPlatforms) = postSolution
		{E321F3BC-FFFA-4985-83D1-F382B9D238EF}.Debug|Any CPU.ActiveCfg = Debug|Any CPU
		{E321F3BC-FFFA-4985-83D1-F382B9D238EF}.Debug|Any CPU.Build.0 = Debug|Any CPU
		{E321F3BC-FFFA-4985-83D1-F382B9D238EF}.Release|Any CPU.ActiveCfg = Release|Any CPU
		{E321F3BC-FFFA-4985-83D1-F382B9D238EF}.Release|Any CPU.Build.0 = Release|Any CPU
		{8E3C38F2-E3C7-47FC-9371-6BB0A039E67B}.Debug|Any CPU.ActiveCfg = Debug|Any CPU
		{8E3C38F2-E3C7-47FC-9371-6BB0A039E67B}.Debug|Any CPU.Build.0 = Debug|Any CPU
		{8E3C38F2-E3C7-47FC-9371-6BB0A039E67B}.Release|Any CPU.ActiveCfg = Release|Any CPU
		{8E3C38F2-E3C7-47FC-9371-6BB0A039E67B}.Release|Any CPU.Build.0 = Release|Any CPU
		{C5208CB1-3298-441C-B5B8-76ADB33FC336}.Debug|Any CPU.ActiveCfg = Debug|Any CPU
		{C5208CB1-3298-441C-B5B8-76ADB33FC336}.Debug|Any CPU.Build.0 = Debug|Any CPU
		{C5208CB1-3298-441C-B5B8-76ADB33FC336}.Release|Any CPU.ActiveCfg = Release|Any CPU
		{C5208CB1-3298-441C-B5B8-76ADB33FC336}.Release|Any CPU.Build.0 = Release|Any CPU
		{6105EFCC-1580-42BF-999E-3B82B9044E0D}.Debug|Any CPU.ActiveCfg = Debug|Any CPU
		{6105EFCC-1580-42BF-999E-3B82B9044E0D}.Debug|Any CPU.Build.0 = Debug|Any CPU
		{6105EFCC-1580-42BF-999E-3B82B9044E0D}.Release|Any CPU.ActiveCfg = Release|Any CPU
		{6105EFCC-1580-42BF-999E-3B82B9044E0D}.Release|Any CPU.Build.0 = Release|Any CPU
		{81206A98-7175-4288-BDB8-F9C7CF7079EE}.Debug|Any CPU.ActiveCfg = Debug|Any CPU
		{81206A98-7175-4288-BDB8-F9C7CF7079EE}.Debug|Any CPU.Build.0 = Debug|Any CPU
		{81206A98-7175-4288-BDB8-F9C7CF7079EE}.Release|Any CPU.ActiveCfg = Release|Any CPU
		{81206A98-7175-4288-BDB8-F9C7CF7079EE}.Release|Any CPU.Build.0 = Release|Any CPU
		{AAC56D2C-3F4D-46B5-9DF2-5237E482BA0A}.Debug|Any CPU.ActiveCfg = Debug|Any CPU
		{AAC56D2C-3F4D-46B5-9DF2-5237E482BA0A}.Debug|Any CPU.Build.0 = Debug|Any CPU
		{AAC56D2C-3F4D-46B5-9DF2-5237E482BA0A}.Release|Any CPU.ActiveCfg = Release|Any CPU
		{AAC56D2C-3F4D-46B5-9DF2-5237E482BA0A}.Release|Any CPU.Build.0 = Release|Any CPU
	EndGlobalSection
	GlobalSection(SolutionProperties) = preSolution
		HideSolutionNode = FALSE
	EndGlobalSection
	GlobalSection(ExtensibilityGlobals) = postSolution
		SolutionGuid = {7747A406-52F8-40A8-AF76-39A8081C70C6}
	EndGlobalSection
EndGlobal
